
Microsoft Visual Studio Solution File, Format Version 11.00
# Visual C++ Express 2010
Project("{8BC9CEB8-8B4A-11D0-8D11-00A0C91BC942}") = "2.19-0", "2.19-0\2.19-0.vcxproj", "{824B7A10-0259-48F3-AE2B-76736D70775E}"
EndProject
Global
	GlobalSection(SolutionConfigurationPlatforms) = preSolution
		Debug|Win32 = Debug|Win32
		Release|Win32 = Release|Win32
	EndGlobalSection
	GlobalSection(ProjectConfigurationPlatforms) = postSolution
		{824B7A10-0259-48F3-AE2B-76736D70775E}.Debug|Win32.ActiveCfg = Debug|Win32
		{824B7A10-0259-48F3-AE2B-76736D70775E}.Debug|Win32.Build.0 = Debug|Win32
		{824B7A10-0259-48F3-AE2B-76736D70775E}.Release|Win32.ActiveCfg = Release|Win32
		{824B7A10-0259-48F3-AE2B-76736D70775E}.Release|Win32.Build.0 = Release|Win32
	EndGlobalSection
	GlobalSection(SolutionProperties) = preSolution
		HideSolutionNode = FALSE
	EndGlobalSection
EndGlobal
