
Microsoft Visual Studio Solution File, Format Version 11.00
# Visual C++ Express 2010
Project("{8BC9CEB8-8B4A-11D0-8D11-00A0C91BC942}") = "3.4-程序设计题1", "3.4-程序设计题1\3.4-程序设计题1.vcxproj", "{DDFA0FB5-3C94-4441-A0D9-DDEF4C73BAE5}"
EndProject
Global
	GlobalSection(SolutionConfigurationPlatforms) = preSolution
		Debug|Win32 = Debug|Win32
		Release|Win32 = Release|Win32
	EndGlobalSection
	GlobalSection(ProjectConfigurationPlatforms) = postSolution
		{DDFA0FB5-3C94-4441-A0D9-DDEF4C73BAE5}.Debug|Win32.ActiveCfg = Debug|Win32
		{DDFA0FB5-3C94-4441-A0D9-DDEF4C73BAE5}.Debug|Win32.Build.0 = Debug|Win32
		{DDFA0FB5-3C94-4441-A0D9-DDEF4C73BAE5}.Release|Win32.ActiveCfg = Release|Win32
		{DDFA0FB5-3C94-4441-A0D9-DDEF4C73BAE5}.Release|Win32.Build.0 = Release|Win32
	EndGlobalSection
	GlobalSection(SolutionProperties) = preSolution
		HideSolutionNode = FALSE
	EndGlobalSection
EndGlobal
