
Microsoft Visual Studio Solution File, Format Version 11.00
# Visual C++ Express 2010
Project("{8BC9CEB8-8B4A-11D0-8D11-00A0C91BC942}") = "数组函数传参", "数组函数传参\数组函数传参.vcxproj", "{0FE8F8E2-2D34-454B-A6A1-6BEF0D20D565}"
EndProject
Global
	GlobalSection(SolutionConfigurationPlatforms) = preSolution
		Debug|Win32 = Debug|Win32
		Release|Win32 = Release|Win32
	EndGlobalSection
	GlobalSection(ProjectConfigurationPlatforms) = postSolution
		{0FE8F8E2-2D34-454B-A6A1-6BEF0D20D565}.Debug|Win32.ActiveCfg = Debug|Win32
		{0FE8F8E2-2D34-454B-A6A1-6BEF0D20D565}.Debug|Win32.Build.0 = Debug|Win32
		{0FE8F8E2-2D34-454B-A6A1-6BEF0D20D565}.Release|Win32.ActiveCfg = Release|Win32
		{0FE8F8E2-2D34-454B-A6A1-6BEF0D20D565}.Release|Win32.Build.0 = Release|Win32
	EndGlobalSection
	GlobalSection(SolutionProperties) = preSolution
		HideSolutionNode = FALSE
	EndGlobalSection
EndGlobal
