
Microsoft Visual Studio Solution File, Format Version 11.00
# Visual C++ Express 2010
Project("{8BC9CEB8-8B4A-11D0-8D11-00A0C91BC942}") = "3.18-1", "3.18-1\3.18-1.vcxproj", "{595E4C28-555E-4AAF-917A-5B01A717B852}"
EndProject
Global
	GlobalSection(SolutionConfigurationPlatforms) = preSolution
		Debug|Win32 = Debug|Win32
		Release|Win32 = Release|Win32
	EndGlobalSection
	GlobalSection(ProjectConfigurationPlatforms) = postSolution
		{595E4C28-555E-4AAF-917A-5B01A717B852}.Debug|Win32.ActiveCfg = Debug|Win32
		{595E4C28-555E-4AAF-917A-5B01A717B852}.Debug|Win32.Build.0 = Debug|Win32
		{595E4C28-555E-4AAF-917A-5B01A717B852}.Release|Win32.ActiveCfg = Release|Win32
		{595E4C28-555E-4AAF-917A-5B01A717B852}.Release|Win32.Build.0 = Release|Win32
	EndGlobalSection
	GlobalSection(SolutionProperties) = preSolution
		HideSolutionNode = FALSE
	EndGlobalSection
EndGlobal
