
Microsoft Visual Studio Solution File, Format Version 11.00
# Visual C++ Express 2010
Project("{8BC9CEB8-8B4A-11D0-8D11-00A0C91BC942}") = "3.17-2", "3.17-2\3.17-2.vcxproj", "{56D291E1-2E44-408A-8337-F5667C7A262A}"
EndProject
Global
	GlobalSection(SolutionConfigurationPlatforms) = preSolution
		Debug|Win32 = Debug|Win32
		Release|Win32 = Release|Win32
	EndGlobalSection
	GlobalSection(ProjectConfigurationPlatforms) = postSolution
		{56D291E1-2E44-408A-8337-F5667C7A262A}.Debug|Win32.ActiveCfg = Debug|Win32
		{56D291E1-2E44-408A-8337-F5667C7A262A}.Debug|Win32.Build.0 = Debug|Win32
		{56D291E1-2E44-408A-8337-F5667C7A262A}.Release|Win32.ActiveCfg = Release|Win32
		{56D291E1-2E44-408A-8337-F5667C7A262A}.Release|Win32.Build.0 = Release|Win32
	EndGlobalSection
	GlobalSection(SolutionProperties) = preSolution
		HideSolutionNode = FALSE
	EndGlobalSection
EndGlobal
