
Microsoft Visual Studio Solution File, Format Version 11.00
# Visual C++ Express 2010
Project("{8BC9CEB8-8B4A-11D0-8D11-00A0C91BC942}") = "自动关机", "自动关机\自动关机.vcxproj", "{76598501-E3DA-44A7-A367-475C1A8980CC}"
EndProject
Global
	GlobalSection(SolutionConfigurationPlatforms) = preSolution
		Debug|Win32 = Debug|Win32
		Release|Win32 = Release|Win32
	EndGlobalSection
	GlobalSection(ProjectConfigurationPlatforms) = postSolution
		{76598501-E3DA-44A7-A367-475C1A8980CC}.Debug|Win32.ActiveCfg = Debug|Win32
		{76598501-E3DA-44A7-A367-475C1A8980CC}.Debug|Win32.Build.0 = Debug|Win32
		{76598501-E3DA-44A7-A367-475C1A8980CC}.Release|Win32.ActiveCfg = Release|Win32
		{76598501-E3DA-44A7-A367-475C1A8980CC}.Release|Win32.Build.0 = Release|Win32
	EndGlobalSection
	GlobalSection(SolutionProperties) = preSolution
		HideSolutionNode = FALSE
	EndGlobalSection
EndGlobal
