
Microsoft Visual Studio Solution File, Format Version 11.00
# Visual C++ Express 2010
Project("{8BC9CEB8-8B4A-11D0-8D11-00A0C91BC942}") = "1.27", "1.27\1.27.vcxproj", "{60112611-225B-4401-831E-7B1EBBD0509C}"
EndProject
Global
	GlobalSection(SolutionConfigurationPlatforms) = preSolution
		Debug|Win32 = Debug|Win32
		Release|Win32 = Release|Win32
	EndGlobalSection
	GlobalSection(ProjectConfigurationPlatforms) = postSolution
		{60112611-225B-4401-831E-7B1EBBD0509C}.Debug|Win32.ActiveCfg = Debug|Win32
		{60112611-225B-4401-831E-7B1EBBD0509C}.Debug|Win32.Build.0 = Debug|Win32
		{60112611-225B-4401-831E-7B1EBBD0509C}.Release|Win32.ActiveCfg = Release|Win32
		{60112611-225B-4401-831E-7B1EBBD0509C}.Release|Win32.Build.0 = Release|Win32
	EndGlobalSection
	GlobalSection(SolutionProperties) = preSolution
		HideSolutionNode = FALSE
	EndGlobalSection
EndGlobal
