
Microsoft Visual Studio Solution File, Format Version 11.00
# Visual C++ Express 2010
Project("{8BC9CEB8-8B4A-11D0-8D11-00A0C91BC942}") = "2.24", "2.24\2.24.vcxproj", "{A3F3531D-0D9E-49F9-8AA7-87AE9ED51481}"
EndProject
Global
	GlobalSection(SolutionConfigurationPlatforms) = preSolution
		Debug|Win32 = Debug|Win32
		Release|Win32 = Release|Win32
	EndGlobalSection
	GlobalSection(ProjectConfigurationPlatforms) = postSolution
		{A3F3531D-0D9E-49F9-8AA7-87AE9ED51481}.Debug|Win32.ActiveCfg = Debug|Win32
		{A3F3531D-0D9E-49F9-8AA7-87AE9ED51481}.Debug|Win32.Build.0 = Debug|Win32
		{A3F3531D-0D9E-49F9-8AA7-87AE9ED51481}.Release|Win32.ActiveCfg = Release|Win32
		{A3F3531D-0D9E-49F9-8AA7-87AE9ED51481}.Release|Win32.Build.0 = Release|Win32
	EndGlobalSection
	GlobalSection(SolutionProperties) = preSolution
		HideSolutionNode = FALSE
	EndGlobalSection
EndGlobal
