
Microsoft Visual Studio Solution File, Format Version 11.00
# Visual C++ Express 2010
Project("{8BC9CEB8-8B4A-11D0-8D11-00A0C91BC942}") = "下标引用+函数调用+结构成员", "下标引用+函数调用+结构成员\下标引用+函数调用+结构成员.vcxproj", "{05B80329-467C-4ADA-822D-D9F7F1227E4D}"
EndProject
Global
	GlobalSection(SolutionConfigurationPlatforms) = preSolution
		Debug|Win32 = Debug|Win32
		Release|Win32 = Release|Win32
	EndGlobalSection
	GlobalSection(ProjectConfigurationPlatforms) = postSolution
		{05B80329-467C-4ADA-822D-D9F7F1227E4D}.Debug|Win32.ActiveCfg = Debug|Win32
		{05B80329-467C-4ADA-822D-D9F7F1227E4D}.Debug|Win32.Build.0 = Debug|Win32
		{05B80329-467C-4ADA-822D-D9F7F1227E4D}.Release|Win32.ActiveCfg = Release|Win32
		{05B80329-467C-4ADA-822D-D9F7F1227E4D}.Release|Win32.Build.0 = Release|Win32
	EndGlobalSection
	GlobalSection(SolutionProperties) = preSolution
		HideSolutionNode = FALSE
	EndGlobalSection
EndGlobal
